// !$*UTF8*$!
{
	archiveVersion = 1;
	classes = {
	};
	objectVersion = 77;
	objects = {

/* Begin PBXBuildFile section */
		00CAD9C87EFBBD67B2DDAD83 /* PrayerCheckInScreen.swift in Sources */ = {isa = PBXBuildFile; fileRef = D1B37BBFE7AB1D124A2B2BCD /* PrayerCheckInScreen.swift */; };
		07246DFA99D182A8017AF20F /* WatchNotificationActionHandler.swift in Sources */ = {isa = PBXBuildFile; fileRef = 8B3845B960237497B371A3CE /* WatchNotificationActionHandler.swift */; };
		0D1E14B797FB1D084136CC58 /* PathOfNurWatchApp.swift in Sources */ = {isa = PBXBuildFile; fileRef = 280F9B9FF0931ACCF3FA3F06 /* PathOfNurWatchApp.swift */; };
		109477F9D98AD72C6CFB5B21 /* PrayerPhaseEvaluator.swift in Sources */ = {isa = PBXBuildFile; fileRef = ABC8DA5393EAED7D82A065A4 /* PrayerPhaseEvaluator.swift */; };
		141DF29DFB02664E3FABED56 /* SnapshotFreshnessPolicy.swift in Sources */ = {isa = PBXBuildFile; fileRef = 096670B48780341B506D944C /* SnapshotFreshnessPolicy.swift */; };
		1A299C9AFF091E66A6D1A4F4 /* WatchLocalAudioPlayer.swift in Sources */ = {isa = PBXBuildFile; fileRef = 06004DD91FB6783ADD272601 /* WatchLocalAudioPlayer.swift */; };
		216EB0362CDE20F46EC97E32 /* PrayerReminderPolicy.swift in Sources */ = {isa = PBXBuildFile; fileRef = 27991C9190C8E17D95436773 /* PrayerReminderPolicy.swift */; };
		28C0B446D05A70599CBB4E4A /* WatchAppStore.swift in Sources */ = {isa = PBXBuildFile; fileRef = D7E12AAEE3E79456F256044A /* WatchAppStore.swift */; };
		2C1A934BD0B110BFA1234E3B /* WatchRootView.swift in Sources */ = {isa = PBXBuildFile; fileRef = 15ECD9C3DD70D7E7D503650B /* WatchRootView.swift */; };
		2F6AD21B2A8FA5AED64DB718 /* PathOfNurWatchComplications.swift in Sources */ = {isa = PBXBuildFile; fileRef = C190B3E6E5CCE47BA58C42C0 /* PathOfNurWatchComplications.swift */; };
		31795C255C996CAB028EF062 /* WatchLocalStore.swift in Sources */ = {isa = PBXBuildFile; fileRef = C1217755A3C3F0E07344277B /* WatchLocalStore.swift */; };
		35D8259731025D7B59ADDF3E /* TodayWatchScreen.swift in Sources */ = {isa = PBXBuildFile; fileRef = CB7EF383AF3683CCD234D6C0 /* TodayWatchScreen.swift */; };
		3FFE8CCD4396CA972C955790 /* WatchDhikrPacePolicy.swift in Sources */ = {isa = PBXBuildFile; fileRef = AA949FA91A17C55DACCA40BB /* WatchDhikrPacePolicy.swift */; };
		4C4A15FE286BF95DDFB701CF /* WatchListeningModeController.swift in Sources */ = {isa = PBXBuildFile; fileRef = 8E73C123BE2F15D594D0626D /* WatchListeningModeController.swift */; };
		6040E84710358BE40D6BBC51 /* WatchQuranPlayerView.swift in Sources */ = {isa = PBXBuildFile; fileRef = 03C4A371F804AE04CB464D4F /* WatchQuranPlayerView.swift */; };
		64AB8C8C8003AFF766276644 /* WatchRefreshOrchestrator.swift in Sources */ = {isa = PBXBuildFile; fileRef = 0993D24F87F627609AC0BA0D /* WatchRefreshOrchestrator.swift */; };
		6E01D64012876C003AEC98FC /* ProgressWatchScreen.swift in Sources */ = {isa = PBXBuildFile; fileRef = 9533D9BB0C41BC3B905A27A4 /* ProgressWatchScreen.swift */; };
		75C1DC80AEED099D3686052A /* WatchStatCard.swift in Sources */ = {isa = PBXBuildFile; fileRef = 94895F1381220F3591918EF4 /* WatchStatCard.swift */; };
		792E915E1A374DB811F1C728 /* WatchLocalStore.swift in Sources */ = {isa = PBXBuildFile; fileRef = C1217755A3C3F0E07344277B /* WatchLocalStore.swift */; };
		856B658C71D734D96D2B2AAC /* WatchSilentDhikrView.swift in Sources */ = {isa = PBXBuildFile; fileRef = D7D3D783BAAF78B509DEF78D /* WatchSilentDhikrView.swift */; };
		87BDE4842B6C1CE0988E1E31 /* WatchGlanceDataProvider.swift in Sources */ = {isa = PBXBuildFile; fileRef = 0CD485C910805640167A8CCA /* WatchGlanceDataProvider.swift */; };
		8C7DA963D73458BE2BFF6232 /* WatchQuranOutputSelectionView.swift in Sources */ = {isa = PBXBuildFile; fileRef = 55BE2441798A36FB72D07747 /* WatchQuranOutputSelectionView.swift */; };
		93243326C890854AF1A009BE /* WatchDhikrHapticEngine.swift in Sources */ = {isa = PBXBuildFile; fileRef = A4E245A6BE7ECDFDA005218E /* WatchDhikrHapticEngine.swift */; };
		941DBA101C174FC4879535CE /* WatchDhikrSessionStore.swift in Sources */ = {isa = PBXBuildFile; fileRef = A3392CA82747DD2595E7678E /* WatchDhikrSessionStore.swift */; };
		9EE0AA16F80A5614722856F9 /* WatchSyncReconciler.swift in Sources */ = {isa = PBXBuildFile; fileRef = 38D2A54A1AC7867DE736DEE9 /* WatchSyncReconciler.swift */; };
		9F58953440B8EBF19F2D2B42 /* WatchQuranPlaybackController.swift in Sources */ = {isa = PBXBuildFile; fileRef = 2DC5AC45BA804566A5664DDE /* WatchQuranPlaybackController.swift */; };
		A017D38497994B6A0AA364B3 /* WatchRefreshStateStore.swift in Sources */ = {isa = PBXBuildFile; fileRef = 470082886F62C61D7E1403B1 /* WatchRefreshStateStore.swift */; };
		B33BBADB8B1FEF4C8DB96CF6 /* WatchBackgroundRefreshCoordinator.swift in Sources */ = {isa = PBXBuildFile; fileRef = F01D7222886354A59C9F416F /* WatchBackgroundRefreshCoordinator.swift */; };
		B4945B0467F35BEFA5EA3675 /* WatchGuidedDhikrView.swift in Sources */ = {isa = PBXBuildFile; fileRef = 07F420EADAEB0C228FE0DC28 /* WatchGuidedDhikrView.swift */; };
		BE0127F06C745A527BED5CAA /* DhikrMilestonePolicy.swift in Sources */ = {isa = PBXBuildFile; fileRef = B9A34A975FECC551F2C06B9A /* DhikrMilestonePolicy.swift */; };
		C3FEC026B919DA6C1477E8E7 /* WatchModels.swift in Sources */ = {isa = PBXBuildFile; fileRef = EFC3595B6650265C640E7963 /* WatchModels.swift */; };
		C57366217C90F2687BE1E5E1 /* DhikrWatchScreen.swift in Sources */ = {isa = PBXBuildFile; fileRef = B94B41A5E26ED05677A9B8D1 /* DhikrWatchScreen.swift */; };
		CB4DE6B251C7EB9682CB156A /* WatchTheme.swift in Sources */ = {isa = PBXBuildFile; fileRef = D3994FD8C8E64BFF2B31C938 /* WatchTheme.swift */; };
		D06AAF459067EA27536795D8 /* WatchPlaybackStateObserver.swift in Sources */ = {isa = PBXBuildFile; fileRef = A2FD0370346E68FEA464EC1D /* WatchPlaybackStateObserver.swift */; };
		D4A6DA24429D2F3469D8C439 /* WatchQuranPlaybackBridge.swift in Sources */ = {isa = PBXBuildFile; fileRef = 1EBE7D00C6630A2A96D450B1 /* WatchQuranPlaybackBridge.swift */; };
		D52AC8ACAC655A375BBB2F74 /* README_SILENT_GUIDED_PLACEHOLDER.swift in Sources */ = {isa = PBXBuildFile; fileRef = 9A15950CC0A55C00659ABBB4 /* README_SILENT_GUIDED_PLACEHOLDER.swift */; };
		E3F4BFB0633A453A58935B95 /* WatchDhikrEngine.swift in Sources */ = {isa = PBXBuildFile; fileRef = 886C3D624B6EC113252D4207 /* WatchDhikrEngine.swift */; };
		EEC290E2FB6DAE4A5E9E0C57 /* WatchListeningModeView.swift in Sources */ = {isa = PBXBuildFile; fileRef = E9159F285547CA16DC843C44 /* WatchListeningModeView.swift */; };
		F06FAB29203A42FE9122362A /* WatchSharedConstants.swift in Sources */ = {isa = PBXBuildFile; fileRef = 4A135DC93AF406928E44BD97 /* WatchSharedConstants.swift */; };
		F1F05B90BD9FD93EC83EEEAC /* DayRolloverEngine.swift in Sources */ = {isa = PBXBuildFile; fileRef = 35DB8B7183274868327F81F3 /* DayRolloverEngine.swift */; };
		F370C738E706B5CC4F0E6CFF /* WatchSyncBridge.swift in Sources */ = {isa = PBXBuildFile; fileRef = EBAC74E18559E517E658D419 /* WatchSyncBridge.swift */; };
		F5E979B52992A19A3AF06B2E /* WatchSharedConstants.swift in Sources */ = {isa = PBXBuildFile; fileRef = 4A135DC93AF406928E44BD97 /* WatchSharedConstants.swift */; };
		F6E5BBB583DC9ACFBF8C9F3D /* WatchDhikrPulseEngine.swift in Sources */ = {isa = PBXBuildFile; fileRef = 061AC5232E56335B8FA29070 /* WatchDhikrPulseEngine.swift */; };
		FC289E95A38045A3F278688A /* WatchGlanceDataProvider.swift in Sources */ = {isa = PBXBuildFile; fileRef = 0CD485C910805640167A8CCA /* WatchGlanceDataProvider.swift */; };
		FDF0F6B7FD3AAD5990D66C0C /* WatchModels.swift in Sources */ = {isa = PBXBuildFile; fileRef = EFC3595B6650265C640E7963 /* WatchModels.swift */; };
		FE9F399F59B26931BCC9FE19 /* WatchNotificationCoordinator.swift in Sources */ = {isa = PBXBuildFile; fileRef = 745CA09B00BBFE2CCAE9DCA4 /* WatchNotificationCoordinator.swift */; };
		FF87085EA5EE534DC00AE3F1 /* Assets.xcassets in Resources */ = {isa = PBXBuildFile; fileRef = 4757DC7680E660B9AED68714 /* Assets.xcassets */; };
		FFA3421A8EF7931C08C45A41 /* WatchNotificationStateStore.swift in Sources */ = {isa = PBXBuildFile; fileRef = 935292E12AB1BB135DF263B7 /* WatchNotificationStateStore.swift */; };
/* End PBXBuildFile section */

/* Begin PBXContainerItemProxy section */
		38E672ED7135258D88BFA9AB /* PBXContainerItemProxy */ = {
			isa = PBXContainerItemProxy;
			containerPortal = 4879927864E90FF20AEFEAC5 /* Project object */;
			proxyType = 1;
			remoteGlobalIDString = 67EFD786E85BE0F02C6AB148;
			remoteInfo = PathOfNurWatch;
		};
/* End PBXContainerItemProxy section */

/* Begin PBXFileReference section */
		03C4A371F804AE04CB464D4F /* WatchQuranPlayerView.swift */ = {isa = PBXFileReference; lastKnownFileType = sourcecode.swift; path = WatchQuranPlayerView.swift; sourceTree = "<group>"; };
		06004DD91FB6783ADD272601 /* WatchLocalAudioPlayer.swift */ = {isa = PBXFileReference; lastKnownFileType = sourcecode.swift; path = WatchLocalAudioPlayer.swift; sourceTree = "<group>"; };
		061AC5232E56335B8FA29070 /* WatchDhikrPulseEngine.swift */ = {isa = PBXFileReference; lastKnownFileType = sourcecode.swift; path = WatchDhikrPulseEngine.swift; sourceTree = "<group>"; };
		07F420EADAEB0C228FE0DC28 /* WatchGuidedDhikrView.swift */ = {isa = PBXFileReference; lastKnownFileType = sourcecode.swift; path = WatchGuidedDhikrView.swift; sourceTree = "<group>"; };
		096670B48780341B506D944C /* SnapshotFreshnessPolicy.swift */ = {isa = PBXFileReference; lastKnownFileType = sourcecode.swift; path = SnapshotFreshnessPolicy.swift; sourceTree = "<group>"; };
		0993D24F87F627609AC0BA0D /* WatchRefreshOrchestrator.swift */ = {isa = PBXFileReference; lastKnownFileType = sourcecode.swift; path = WatchRefreshOrchestrator.swift; sourceTree = "<group>"; };
		0CD485C910805640167A8CCA /* WatchGlanceDataProvider.swift */ = {isa = PBXFileReference; lastKnownFileType = sourcecode.swift; path = WatchGlanceDataProvider.swift; sourceTree = "<group>"; };
		15ECD9C3DD70D7E7D503650B /* WatchRootView.swift */ = {isa = PBXFileReference; lastKnownFileType = sourcecode.swift; path = WatchRootView.swift; sourceTree = "<group>"; };
		1EBE7D00C6630A2A96D450B1 /* WatchQuranPlaybackBridge.swift */ = {isa = PBXFileReference; lastKnownFileType = sourcecode.swift; path = WatchQuranPlaybackBridge.swift; sourceTree = "<group>"; };
		27991C9190C8E17D95436773 /* PrayerReminderPolicy.swift */ = {isa = PBXFileReference; lastKnownFileType = sourcecode.swift; path = PrayerReminderPolicy.swift; sourceTree = "<group>"; };
		280F9B9FF0931ACCF3FA3F06 /* PathOfNurWatchApp.swift */ = {isa = PBXFileReference; lastKnownFileType = sourcecode.swift; path = PathOfNurWatchApp.swift; sourceTree = "<group>"; };
		2DC5AC45BA804566A5664DDE /* WatchQuranPlaybackController.swift */ = {isa = PBXFileReference; lastKnownFileType = sourcecode.swift; path = WatchQuranPlaybackController.swift; sourceTree = "<group>"; };
		35DB8B7183274868327F81F3 /* DayRolloverEngine.swift */ = {isa = PBXFileReference; lastKnownFileType = sourcecode.swift; path = DayRolloverEngine.swift; sourceTree = "<group>"; };
		36D5968829E8FE85691ABFCA /* PathOfNurWatchComplications.entitlements */ = {isa = PBXFileReference; lastKnownFileType = text.plist.entitlements; path = PathOfNurWatchComplications.entitlements; sourceTree = "<group>"; };
		38D2A54A1AC7867DE736DEE9 /* WatchSyncReconciler.swift */ = {isa = PBXFileReference; lastKnownFileType = sourcecode.swift; path = WatchSyncReconciler.swift; sourceTree = "<group>"; };
		3BE95F166466A3678D000D85 /* Info.plist */ = {isa = PBXFileReference; lastKnownFileType = text.plist; path = Info.plist; sourceTree = "<group>"; };
		470082886F62C61D7E1403B1 /* WatchRefreshStateStore.swift */ = {isa = PBXFileReference; lastKnownFileType = sourcecode.swift; path = WatchRefreshStateStore.swift; sourceTree = "<group>"; };
		4757DC7680E660B9AED68714 /* Assets.xcassets */ = {isa = PBXFileReference; lastKnownFileType = folder.assetcatalog; path = Assets.xcassets; sourceTree = "<group>"; };
		4A135DC93AF406928E44BD97 /* WatchSharedConstants.swift */ = {isa = PBXFileReference; lastKnownFileType = sourcecode.swift; path = WatchSharedConstants.swift; sourceTree = "<group>"; };
		55BE2441798A36FB72D07747 /* WatchQuranOutputSelectionView.swift */ = {isa = PBXFileReference; lastKnownFileType = sourcecode.swift; path = WatchQuranOutputSelectionView.swift; sourceTree = "<group>"; };
		745CA09B00BBFE2CCAE9DCA4 /* WatchNotificationCoordinator.swift */ = {isa = PBXFileReference; lastKnownFileType = sourcecode.swift; path = WatchNotificationCoordinator.swift; sourceTree = "<group>"; };
		886C3D624B6EC113252D4207 /* WatchDhikrEngine.swift */ = {isa = PBXFileReference; lastKnownFileType = sourcecode.swift; path = WatchDhikrEngine.swift; sourceTree = "<group>"; };
		8B3845B960237497B371A3CE /* WatchNotificationActionHandler.swift */ = {isa = PBXFileReference; lastKnownFileType = sourcecode.swift; path = WatchNotificationActionHandler.swift; sourceTree = "<group>"; };
		8E73C123BE2F15D594D0626D /* WatchListeningModeController.swift */ = {isa = PBXFileReference; lastKnownFileType = sourcecode.swift; path = WatchListeningModeController.swift; sourceTree = "<group>"; };
		935292E12AB1BB135DF263B7 /* WatchNotificationStateStore.swift */ = {isa = PBXFileReference; lastKnownFileType = sourcecode.swift; path = WatchNotificationStateStore.swift; sourceTree = "<group>"; };
		94895F1381220F3591918EF4 /* WatchStatCard.swift */ = {isa = PBXFileReference; lastKnownFileType = sourcecode.swift; path = WatchStatCard.swift; sourceTree = "<group>"; };
		9533D9BB0C41BC3B905A27A4 /* ProgressWatchScreen.swift */ = {isa = PBXFileReference; lastKnownFileType = sourcecode.swift; path = ProgressWatchScreen.swift; sourceTree = "<group>"; };
		9A15950CC0A55C00659ABBB4 /* README_SILENT_GUIDED_PLACEHOLDER.swift */ = {isa = PBXFileReference; lastKnownFileType = sourcecode.swift; path = README_SILENT_GUIDED_PLACEHOLDER.swift; sourceTree = "<group>"; };
		A2FD0370346E68FEA464EC1D /* WatchPlaybackStateObserver.swift */ = {isa = PBXFileReference; lastKnownFileType = sourcecode.swift; path = WatchPlaybackStateObserver.swift; sourceTree = "<group>"; };
		A3392CA82747DD2595E7678E /* WatchDhikrSessionStore.swift */ = {isa = PBXFileReference; lastKnownFileType = sourcecode.swift; path = WatchDhikrSessionStore.swift; sourceTree = "<group>"; };
		A4E245A6BE7ECDFDA005218E /* WatchDhikrHapticEngine.swift */ = {isa = PBXFileReference; lastKnownFileType = sourcecode.swift; path = WatchDhikrHapticEngine.swift; sourceTree = "<group>"; };
		AA949FA91A17C55DACCA40BB /* WatchDhikrPacePolicy.swift */ = {isa = PBXFileReference; lastKnownFileType = sourcecode.swift; path = WatchDhikrPacePolicy.swift; sourceTree = "<group>"; };
		ABC8DA5393EAED7D82A065A4 /* PrayerPhaseEvaluator.swift */ = {isa = PBXFileReference; lastKnownFileType = sourcecode.swift; path = PrayerPhaseEvaluator.swift; sourceTree = "<group>"; };
		B1F0ED35F79546B20662563F /* Info.plist */ = {isa = PBXFileReference; lastKnownFileType = text.plist; path = Info.plist; sourceTree = "<group>"; };
		B94B41A5E26ED05677A9B8D1 /* DhikrWatchScreen.swift */ = {isa = PBXFileReference; lastKnownFileType = sourcecode.swift; path = DhikrWatchScreen.swift; sourceTree = "<group>"; };
		B9A34A975FECC551F2C06B9A /* DhikrMilestonePolicy.swift */ = {isa = PBXFileReference; lastKnownFileType = sourcecode.swift; path = DhikrMilestonePolicy.swift; sourceTree = "<group>"; };
		C1217755A3C3F0E07344277B /* WatchLocalStore.swift */ = {isa = PBXFileReference; lastKnownFileType = sourcecode.swift; path = WatchLocalStore.swift; sourceTree = "<group>"; };
		C190B3E6E5CCE47BA58C42C0 /* PathOfNurWatchComplications.swift */ = {isa = PBXFileReference; lastKnownFileType = sourcecode.swift; path = PathOfNurWatchComplications.swift; sourceTree = "<group>"; };
		C24AAA62E19DE498A3A02B2E /* PathOfNurWatch.app */ = {isa = PBXFileReference; explicitFileType = wrapper.application; includeInIndex = 0; path = PathOfNurWatch.app; sourceTree = BUILT_PRODUCTS_DIR; };
		CB7EF383AF3683CCD234D6C0 /* TodayWatchScreen.swift */ = {isa = PBXFileReference; lastKnownFileType = sourcecode.swift; path = TodayWatchScreen.swift; sourceTree = "<group>"; };
		CEF968A2E58EC6C5C9161BB5 /* PathOfNurWatch.entitlements */ = {isa = PBXFileReference; lastKnownFileType = text.plist.entitlements; path = PathOfNurWatch.entitlements; sourceTree = "<group>"; };
		D1B37BBFE7AB1D124A2B2BCD /* PrayerCheckInScreen.swift */ = {isa = PBXFileReference; lastKnownFileType = sourcecode.swift; path = PrayerCheckInScreen.swift; sourceTree = "<group>"; };
		D3994FD8C8E64BFF2B31C938 /* WatchTheme.swift */ = {isa = PBXFileReference; lastKnownFileType = sourcecode.swift; path = WatchTheme.swift; sourceTree = "<group>"; };
		D7D3D783BAAF78B509DEF78D /* WatchSilentDhikrView.swift */ = {isa = PBXFileReference; lastKnownFileType = sourcecode.swift; path = WatchSilentDhikrView.swift; sourceTree = "<group>"; };
		D7E12AAEE3E79456F256044A /* WatchAppStore.swift */ = {isa = PBXFileReference; lastKnownFileType = sourcecode.swift; path = WatchAppStore.swift; sourceTree = "<group>"; };
		E9159F285547CA16DC843C44 /* WatchListeningModeView.swift */ = {isa = PBXFileReference; lastKnownFileType = sourcecode.swift; path = WatchListeningModeView.swift; sourceTree = "<group>"; };
		EBAC74E18559E517E658D419 /* WatchSyncBridge.swift */ = {isa = PBXFileReference; lastKnownFileType = sourcecode.swift; path = WatchSyncBridge.swift; sourceTree = "<group>"; };
		EFC3595B6650265C640E7963 /* WatchModels.swift */ = {isa = PBXFileReference; lastKnownFileType = sourcecode.swift; path = WatchModels.swift; sourceTree = "<group>"; };
		F01D7222886354A59C9F416F /* WatchBackgroundRefreshCoordinator.swift */ = {isa = PBXFileReference; lastKnownFileType = sourcecode.swift; path = WatchBackgroundRefreshCoordinator.swift; sourceTree = "<group>"; };
		FEF3BEA04E5FD51C1029FF88 /* PathOfNurWatchComplications.appex */ = {isa = PBXFileReference; explicitFileType = "wrapper.app-extension"; includeInIndex = 0; path = PathOfNurWatchComplications.appex; sourceTree = BUILT_PRODUCTS_DIR; };
/* End PBXFileReference section */

/* Begin PBXGroup section */
		032FBA53C41E11ECC5621F2A /* Quran */ = {
			isa = PBXGroup;
			children = (
				8E73C123BE2F15D594D0626D /* WatchListeningModeController.swift */,
				E9159F285547CA16DC843C44 /* WatchListeningModeView.swift */,
				06004DD91FB6783ADD272601 /* WatchLocalAudioPlayer.swift */,
				A2FD0370346E68FEA464EC1D /* WatchPlaybackStateObserver.swift */,
				55BE2441798A36FB72D07747 /* WatchQuranOutputSelectionView.swift */,
				1EBE7D00C6630A2A96D450B1 /* WatchQuranPlaybackBridge.swift */,
				2DC5AC45BA804566A5664DDE /* WatchQuranPlaybackController.swift */,
				03C4A371F804AE04CB464D4F /* WatchQuranPlayerView.swift */,
			);
			path = Quran;
			sourceTree = "<group>";
		};
		1FCE50B19D80E3EDD7E96C34 /* PathOfNurWatch */ = {
			isa = PBXGroup;
			children = (
				4757DC7680E660B9AED68714 /* Assets.xcassets */,
				B1F0ED35F79546B20662563F /* Info.plist */,
				CEF968A2E58EC6C5C9161BB5 /* PathOfNurWatch.entitlements */,
				E43F764AE60C484FDBB67039 /* App */,
				6C6930AA7113437F5D70E8F9 /* Data */,
				4E8CD9BBDDED479D3F6F904B /* Dhikr */,
				F2EFA1A748F427FF020EF836 /* Domain */,
				C664EB9499015DA0C861993B /* Notifications */,
				032FBA53C41E11ECC5621F2A /* Quran */,
				2F68EF3303AB1086DADC6FE8 /* Refresh */,
				DCADAB3880157F4CD13D3B3C /* Shared */,
				8338471F784616EA376E7275 /* Sync */,
				ED2E9823E49A751DF48F8A31 /* Theme */,
				A9F7A9A40A6AF6638DE0116C /* ViewModels */,
				E8FA3A7FD2B51B6FCE431945 /* Views */,
			);
			path = PathOfNurWatch;
			sourceTree = "<group>";
		};
		2F68EF3303AB1086DADC6FE8 /* Refresh */ = {
			isa = PBXGroup;
			children = (
				35DB8B7183274868327F81F3 /* DayRolloverEngine.swift */,
				ABC8DA5393EAED7D82A065A4 /* PrayerPhaseEvaluator.swift */,
				096670B48780341B506D944C /* SnapshotFreshnessPolicy.swift */,
				F01D7222886354A59C9F416F /* WatchBackgroundRefreshCoordinator.swift */,
				0993D24F87F627609AC0BA0D /* WatchRefreshOrchestrator.swift */,
				470082886F62C61D7E1403B1 /* WatchRefreshStateStore.swift */,
				38D2A54A1AC7867DE736DEE9 /* WatchSyncReconciler.swift */,
			);
			path = Refresh;
			sourceTree = "<group>";
		};
		2FF9409A47AD017A20C67495 /* Screens */ = {
			isa = PBXGroup;
			children = (
				B94B41A5E26ED05677A9B8D1 /* DhikrWatchScreen.swift */,
				D1B37BBFE7AB1D124A2B2BCD /* PrayerCheckInScreen.swift */,
				9533D9BB0C41BC3B905A27A4 /* ProgressWatchScreen.swift */,
				CB7EF383AF3683CCD234D6C0 /* TodayWatchScreen.swift */,
			);
			path = Screens;
			sourceTree = "<group>";
		};
		38C5EF6B3E00D7E5D0D8A4E5 /* Components */ = {
			isa = PBXGroup;
			children = (
				94895F1381220F3591918EF4 /* WatchStatCard.swift */,
			);
			path = Components;
			sourceTree = "<group>";
		};
		4E8CD9BBDDED479D3F6F904B /* Dhikr */ = {
			isa = PBXGroup;
			children = (
				B9A34A975FECC551F2C06B9A /* DhikrMilestonePolicy.swift */,
				9A15950CC0A55C00659ABBB4 /* README_SILENT_GUIDED_PLACEHOLDER.swift */,
				886C3D624B6EC113252D4207 /* WatchDhikrEngine.swift */,
				A4E245A6BE7ECDFDA005218E /* WatchDhikrHapticEngine.swift */,
				AA949FA91A17C55DACCA40BB /* WatchDhikrPacePolicy.swift */,
				061AC5232E56335B8FA29070 /* WatchDhikrPulseEngine.swift */,
				A3392CA82747DD2595E7678E /* WatchDhikrSessionStore.swift */,
				07F420EADAEB0C228FE0DC28 /* WatchGuidedDhikrView.swift */,
				D7D3D783BAAF78B509DEF78D /* WatchSilentDhikrView.swift */,
			);
			path = Dhikr;
			sourceTree = "<group>";
		};
		5100298D09559ED633FF827B /* PathOfNurWatchComplications */ = {
			isa = PBXGroup;
			children = (
				3BE95F166466A3678D000D85 /* Info.plist */,
				36D5968829E8FE85691ABFCA /* PathOfNurWatchComplications.entitlements */,
				C190B3E6E5CCE47BA58C42C0 /* PathOfNurWatchComplications.swift */,
			);
			path = PathOfNurWatchComplications;
			sourceTree = "<group>";
		};
		596334FA56B431610DAE995C = {
			isa = PBXGroup;
			children = (
				1FCE50B19D80E3EDD7E96C34 /* PathOfNurWatch */,
				5100298D09559ED633FF827B /* PathOfNurWatchComplications */,
				E949617F8FFE54475D9868C4 /* Products */,
			);
			sourceTree = "<group>";
		};
		6C6930AA7113437F5D70E8F9 /* Data */ = {
			isa = PBXGroup;
			children = (
				C1217755A3C3F0E07344277B /* WatchLocalStore.swift */,
			);
			path = Data;
			sourceTree = "<group>";
		};
		8338471F784616EA376E7275 /* Sync */ = {
			isa = PBXGroup;
			children = (
				EBAC74E18559E517E658D419 /* WatchSyncBridge.swift */,
			);
			path = Sync;
			sourceTree = "<group>";
		};
		A9F7A9A40A6AF6638DE0116C /* ViewModels */ = {
			isa = PBXGroup;
			children = (
				D7E12AAEE3E79456F256044A /* WatchAppStore.swift */,
			);
			path = ViewModels;
			sourceTree = "<group>";
		};
		C664EB9499015DA0C861993B /* Notifications */ = {
			isa = PBXGroup;
			children = (
				27991C9190C8E17D95436773 /* PrayerReminderPolicy.swift */,
				8B3845B960237497B371A3CE /* WatchNotificationActionHandler.swift */,
				745CA09B00BBFE2CCAE9DCA4 /* WatchNotificationCoordinator.swift */,
				935292E12AB1BB135DF263B7 /* WatchNotificationStateStore.swift */,
			);
			path = Notifications;
			sourceTree = "<group>";
		};
		DCADAB3880157F4CD13D3B3C /* Shared */ = {
			isa = PBXGroup;
			children = (
				0CD485C910805640167A8CCA /* WatchGlanceDataProvider.swift */,
				4A135DC93AF406928E44BD97 /* WatchSharedConstants.swift */,
			);
			path = Shared;
			sourceTree = "<group>";
		};
		E43F764AE60C484FDBB67039 /* App */ = {
			isa = PBXGroup;
			children = (
				280F9B9FF0931ACCF3FA3F06 /* PathOfNurWatchApp.swift */,
				15ECD9C3DD70D7E7D503650B /* WatchRootView.swift */,
			);
			path = App;
			sourceTree = "<group>";
		};
		E8FA3A7FD2B51B6FCE431945 /* Views */ = {
			isa = PBXGroup;
			children = (
				38C5EF6B3E00D7E5D0D8A4E5 /* Components */,
				2FF9409A47AD017A20C67495 /* Screens */,
			);
			path = Views;
			sourceTree = "<group>";
		};
		E949617F8FFE54475D9868C4 /* Products */ = {
			isa = PBXGroup;
			children = (
				C24AAA62E19DE498A3A02B2E /* PathOfNurWatch.app */,
				FEF3BEA04E5FD51C1029FF88 /* PathOfNurWatchComplications.appex */,
			);
			name = Products;
			sourceTree = "<group>";
		};
		ED2E9823E49A751DF48F8A31 /* Theme */ = {
			isa = PBXGroup;
			children = (
				D3994FD8C8E64BFF2B31C938 /* WatchTheme.swift */,
			);
			path = Theme;
			sourceTree = "<group>";
		};
		F2EFA1A748F427FF020EF836 /* Domain */ = {
			isa = PBXGroup;
			children = (
				EFC3595B6650265C640E7963 /* WatchModels.swift */,
			);
			path = Domain;
			sourceTree = "<group>";
		};
/* End PBXGroup section */

/* Begin PBXNativeTarget section */
		1F67B3484DF30EB0FE429609 /* PathOfNurWatchComplications */ = {
			isa = PBXNativeTarget;
			buildConfigurationList = DCC2F1AB154267611BFBDA7F /* Build configuration list for PBXNativeTarget "PathOfNurWatchComplications" */;
			buildPhases = (
				5BF8CA9785001664461F3891 /* Sources */,
			);
			buildRules = (
			);
			dependencies = (
				BC7EB2D8498C0EF704848F3D /* PBXTargetDependency */,
			);
			name = PathOfNurWatchComplications;
			packageProductDependencies = (
			);
			productName = PathOfNurWatchComplications;
			productReference = FEF3BEA04E5FD51C1029FF88 /* PathOfNurWatchComplications.appex */;
			productType = "com.apple.product-type.app-extension";
		};
		67EFD786E85BE0F02C6AB148 /* PathOfNurWatch */ = {
			isa = PBXNativeTarget;
			buildConfigurationList = 424641701535C6C3784546A2 /* Build configuration list for PBXNativeTarget "PathOfNurWatch" */;
			buildPhases = (
				A8276CB5C5D8286DC3406E6C /* Sources */,
				1B52E80B85AC56AF2CBD359E /* Resources */,
			);
			buildRules = (
			);
			dependencies = (
			);
			name = PathOfNurWatch;
			packageProductDependencies = (
			);
			productName = PathOfNurWatch;
			productReference = C24AAA62E19DE498A3A02B2E /* PathOfNurWatch.app */;
			productType = "com.apple.product-type.application.watchapp2";
		};
/* End PBXNativeTarget section */

/* Begin PBXProject section */
		4879927864E90FF20AEFEAC5 /* Project object */ = {
			isa = PBXProject;
			attributes = {
				BuildIndependentTargetsInParallel = YES;
				LastUpgradeCheck = 1430;
				TargetAttributes = {
				};
			};
			buildConfigurationList = B0763377CEFAEF7A2C2B19ED /* Build configuration list for PBXProject "PathOfNurWatch" */;
			developmentRegion = en;
			hasScannedForEncodings = 0;
			knownRegions = (
				Base,
				en,
			);
			mainGroup = 596334FA56B431610DAE995C;
			minimizedProjectReferenceProxies = 1;
			preferredProjectObjectVersion = 77;
			productRefGroup = E949617F8FFE54475D9868C4 /* Products */;
			projectDirPath = "";
			projectRoot = "";
			targets = (
				67EFD786E85BE0F02C6AB148 /* PathOfNurWatch */,
				1F67B3484DF30EB0FE429609 /* PathOfNurWatchComplications */,
			);
		};
/* End PBXProject section */

/* Begin PBXResourcesBuildPhase section */
		1B52E80B85AC56AF2CBD359E /* Resources */ = {
			isa = PBXResourcesBuildPhase;
			buildActionMask = 2147483647;
			files = (
				FF87085EA5EE534DC00AE3F1 /* Assets.xcassets in Resources */,
			);
			runOnlyForDeploymentPostprocessing = 0;
		};
/* End PBXResourcesBuildPhase section */

/* Begin PBXSourcesBuildPhase section */
		5BF8CA9785001664461F3891 /* Sources */ = {
			isa = PBXSourcesBuildPhase;
			buildActionMask = 2147483647;
			files = (
				2F6AD21B2A8FA5AED64DB718 /* PathOfNurWatchComplications.swift in Sources */,
				FC289E95A38045A3F278688A /* WatchGlanceDataProvider.swift in Sources */,
				792E915E1A374DB811F1C728 /* WatchLocalStore.swift in Sources */,
				C3FEC026B919DA6C1477E8E7 /* WatchModels.swift in Sources */,
				F5E979B52992A19A3AF06B2E /* WatchSharedConstants.swift in Sources */,
			);
			runOnlyForDeploymentPostprocessing = 0;
		};
		A8276CB5C5D8286DC3406E6C /* Sources */ = {
			isa = PBXSourcesBuildPhase;
			buildActionMask = 2147483647;
			files = (
				F1F05B90BD9FD93EC83EEEAC /* DayRolloverEngine.swift in Sources */,
				BE0127F06C745A527BED5CAA /* DhikrMilestonePolicy.swift in Sources */,
				C57366217C90F2687BE1E5E1 /* DhikrWatchScreen.swift in Sources */,
				0D1E14B797FB1D084136CC58 /* PathOfNurWatchApp.swift in Sources */,
				00CAD9C87EFBBD67B2DDAD83 /* PrayerCheckInScreen.swift in Sources */,
				109477F9D98AD72C6CFB5B21 /* PrayerPhaseEvaluator.swift in Sources */,
				216EB0362CDE20F46EC97E32 /* PrayerReminderPolicy.swift in Sources */,
				6E01D64012876C003AEC98FC /* ProgressWatchScreen.swift in Sources */,
				D52AC8ACAC655A375BBB2F74 /* README_SILENT_GUIDED_PLACEHOLDER.swift in Sources */,
				141DF29DFB02664E3FABED56 /* SnapshotFreshnessPolicy.swift in Sources */,
				35D8259731025D7B59ADDF3E /* TodayWatchScreen.swift in Sources */,
				28C0B446D05A70599CBB4E4A /* WatchAppStore.swift in Sources */,
				B33BBADB8B1FEF4C8DB96CF6 /* WatchBackgroundRefreshCoordinator.swift in Sources */,
				E3F4BFB0633A453A58935B95 /* WatchDhikrEngine.swift in Sources */,
				93243326C890854AF1A009BE /* WatchDhikrHapticEngine.swift in Sources */,
				3FFE8CCD4396CA972C955790 /* WatchDhikrPacePolicy.swift in Sources */,
				F6E5BBB583DC9ACFBF8C9F3D /* WatchDhikrPulseEngine.swift in Sources */,
				941DBA101C174FC4879535CE /* WatchDhikrSessionStore.swift in Sources */,
				87BDE4842B6C1CE0988E1E31 /* WatchGlanceDataProvider.swift in Sources */,
				B4945B0467F35BEFA5EA3675 /* WatchGuidedDhikrView.swift in Sources */,
				4C4A15FE286BF95DDFB701CF /* WatchListeningModeController.swift in Sources */,
				EEC290E2FB6DAE4A5E9E0C57 /* WatchListeningModeView.swift in Sources */,
				1A299C9AFF091E66A6D1A4F4 /* WatchLocalAudioPlayer.swift in Sources */,
				31795C255C996CAB028EF062 /* WatchLocalStore.swift in Sources */,
				FDF0F6B7FD3AAD5990D66C0C /* WatchModels.swift in Sources */,
				07246DFA99D182A8017AF20F /* WatchNotificationActionHandler.swift in Sources */,
				FE9F399F59B26931BCC9FE19 /* WatchNotificationCoordinator.swift in Sources */,
				FFA3421A8EF7931C08C45A41 /* WatchNotificationStateStore.swift in Sources */,
				D06AAF459067EA27536795D8 /* WatchPlaybackStateObserver.swift in Sources */,
				8C7DA963D73458BE2BFF6232 /* WatchQuranOutputSelectionView.swift in Sources */,
				D4A6DA24429D2F3469D8C439 /* WatchQuranPlaybackBridge.swift in Sources */,
				9F58953440B8EBF19F2D2B42 /* WatchQuranPlaybackController.swift in Sources */,
				6040E84710358BE40D6BBC51 /* WatchQuranPlayerView.swift in Sources */,
				64AB8C8C8003AFF766276644 /* WatchRefreshOrchestrator.swift in Sources */,
				A017D38497994B6A0AA364B3 /* WatchRefreshStateStore.swift in Sources */,
				2C1A934BD0B110BFA1234E3B /* WatchRootView.swift in Sources */,
				F06FAB29203A42FE9122362A /* WatchSharedConstants.swift in Sources */,
				856B658C71D734D96D2B2AAC /* WatchSilentDhikrView.swift in Sources */,
				75C1DC80AEED099D3686052A /* WatchStatCard.swift in Sources */,
				F370C738E706B5CC4F0E6CFF /* WatchSyncBridge.swift in Sources */,
				9EE0AA16F80A5614722856F9 /* WatchSyncReconciler.swift in Sources */,
				CB4DE6B251C7EB9682CB156A /* WatchTheme.swift in Sources */,
			);
			runOnlyForDeploymentPostprocessing = 0;
		};
/* End PBXSourcesBuildPhase section */

/* Begin PBXTargetDependency section */
		BC7EB2D8498C0EF704848F3D /* PBXTargetDependency */ = {
			isa = PBXTargetDependency;
			target = 67EFD786E85BE0F02C6AB148 /* PathOfNurWatch */;
			targetProxy = 38E672ED7135258D88BFA9AB /* PBXContainerItemProxy */;
		};
/* End PBXTargetDependency section */

/* Begin XCBuildConfiguration section */
		081505FA805772C9972E28F6 /* Debug */ = {
			isa = XCBuildConfiguration;
			buildSettings = {
				ASSETCATALOG_COMPILER_APPICON_NAME = AppIcon;
				CODE_SIGN_ENTITLEMENTS = PathOfNurWatch/PathOfNurWatch.entitlements;
				INFOPLIST_FILE = PathOfNurWatch/Info.plist;
				INFOPLIST_KEY_UNUserNotificationCenterDelegateClassName = "$(PRODUCT_MODULE_NAME).WatchNotificationCoordinator";
				PRODUCT_BUNDLE_IDENTIFIER = com.pathofnur.watch;
				PRODUCT_NAME = "Path of Nur Watch";
				SDKROOT = watchos;
				SKIP_INSTALL = YES;
				TARGETED_DEVICE_FAMILY = 4;
				WATCHOS_DEPLOYMENT_TARGET = 10.0;
			};
			name = Debug;
		};
		337B575E52C1E68B64F4F8C5 /* Debug */ = {
			isa = XCBuildConfiguration;
			buildSettings = {
				ALWAYS_SEARCH_USER_PATHS = NO;
				CLANG_ANALYZER_NONNULL = YES;
				CLANG_ANALYZER_NUMBER_OBJECT_CONVERSION = YES_AGGRESSIVE;
				CLANG_CXX_LANGUAGE_STANDARD = "gnu++14";
				CLANG_CXX_LIBRARY = "libc++";
				CLANG_ENABLE_MODULES = YES;
				CLANG_ENABLE_OBJC_ARC = YES;
				CLANG_ENABLE_OBJC_WEAK = YES;
				CLANG_WARN_BLOCK_CAPTURE_AUTORELEASING = YES;
				CLANG_WARN_BOOL_CONVERSION = YES;
				CLANG_WARN_COMMA = YES;
				CLANG_WARN_CONSTANT_CONVERSION = YES;
				CLANG_WARN_DEPRECATED_OBJC_IMPLEMENTATIONS = YES;
				CLANG_WARN_DIRECT_OBJC_ISA_USAGE = YES_ERROR;
				CLANG_WARN_DOCUMENTATION_COMMENTS = YES;
				CLANG_WARN_EMPTY_BODY = YES;
				CLANG_WARN_ENUM_CONVERSION = YES;
				CLANG_WARN_INFINITE_RECURSION = YES;
				CLANG_WARN_INT_CONVERSION = YES;
				CLANG_WARN_NON_LITERAL_NULL_CONVERSION = YES;
				CLANG_WARN_OBJC_IMPLICIT_RETAIN_SELF = YES;
				CLANG_WARN_OBJC_LITERAL_CONVERSION = YES;
				CLANG_WARN_OBJC_ROOT_CLASS = YES_ERROR;
				CLANG_WARN_QUOTED_INCLUDE_IN_FRAMEWORK_HEADER = YES;
				CLANG_WARN_RANGE_LOOP_ANALYSIS = YES;
				CLANG_WARN_STRICT_PROTOTYPES = YES;
				CLANG_WARN_SUSPICIOUS_MOVE = YES;
				CLANG_WARN_UNGUARDED_AVAILABILITY = YES_AGGRESSIVE;
				CLANG_WARN_UNREACHABLE_CODE = YES;
				CLANG_WARN__DUPLICATE_METHOD_MATCH = YES;
				COPY_PHASE_STRIP = NO;
				DEBUG_INFORMATION_FORMAT = dwarf;
				ENABLE_STRICT_OBJC_MSGSEND = YES;
				ENABLE_TESTABILITY = YES;
				GCC_C_LANGUAGE_STANDARD = gnu11;
				GCC_DYNAMIC_NO_PIC = NO;
				GCC_NO_COMMON_BLOCKS = YES;
				GCC_OPTIMIZATION_LEVEL = 0;
				GCC_PREPROCESSOR_DEFINITIONS = (
					"$(inherited)",
					"DEBUG=1",
				);
				GCC_WARN_64_TO_32_BIT_CONVERSION = YES;
				GCC_WARN_ABOUT_RETURN_TYPE = YES_ERROR;
				GCC_WARN_UNDECLARED_SELECTOR = YES;
				GCC_WARN_UNINITIALIZED_AUTOS = YES_AGGRESSIVE;
				GCC_WARN_UNUSED_FUNCTION = YES;
				GCC_WARN_UNUSED_VARIABLE = YES;
				MTL_ENABLE_DEBUG_INFO = INCLUDE_SOURCE;
				MTL_FAST_MATH = YES;
				ONLY_ACTIVE_ARCH = YES;
				PRODUCT_NAME = "$(TARGET_NAME)";
				SDKROOT = watchos;
				SWIFT_ACTIVE_COMPILATION_CONDITIONS = DEBUG;
				SWIFT_OPTIMIZATION_LEVEL = "-Onone";
				SWIFT_VERSION = 5.0;
				WATCHOS_DEPLOYMENT_TARGET = 10.0;
			};
			name = Debug;
		};
		A1AC9DA3C02F3B976D44CF74 /* Release */ = {
			isa = XCBuildConfiguration;
			buildSettings = {
				ASSETCATALOG_COMPILER_APPICON_NAME = AppIcon;
				CODE_SIGN_ENTITLEMENTS = PathOfNurWatch/PathOfNurWatch.entitlements;
				INFOPLIST_FILE = PathOfNurWatch/Info.plist;
				INFOPLIST_KEY_UNUserNotificationCenterDelegateClassName = "$(PRODUCT_MODULE_NAME).WatchNotificationCoordinator";
				PRODUCT_BUNDLE_IDENTIFIER = com.pathofnur.watch;
				PRODUCT_NAME = "Path of Nur Watch";
				SDKROOT = watchos;
				SKIP_INSTALL = YES;
				TARGETED_DEVICE_FAMILY = 4;
				WATCHOS_DEPLOYMENT_TARGET = 10.0;
			};
			name = Release;
		};
		D2B14AAA5A0230FD27559CFE /* Release */ = {
			isa = XCBuildConfiguration;
			buildSettings = {
				ALWAYS_SEARCH_USER_PATHS = NO;
				CLANG_ANALYZER_NONNULL = YES;
				CLANG_ANALYZER_NUMBER_OBJECT_CONVERSION = YES_AGGRESSIVE;
				CLANG_CXX_LANGUAGE_STANDARD = "gnu++14";
				CLANG_CXX_LIBRARY = "libc++";
				CLANG_ENABLE_MODULES = YES;
				CLANG_ENABLE_OBJC_ARC = YES;
				CLANG_ENABLE_OBJC_WEAK = YES;
				CLANG_WARN_BLOCK_CAPTURE_AUTORELEASING = YES;
				CLANG_WARN_BOOL_CONVERSION = YES;
				CLANG_WARN_COMMA = YES;
				CLANG_WARN_CONSTANT_CONVERSION = YES;
				CLANG_WARN_DEPRECATED_OBJC_IMPLEMENTATIONS = YES;
				CLANG_WARN_DIRECT_OBJC_ISA_USAGE = YES_ERROR;
				CLANG_WARN_DOCUMENTATION_COMMENTS = YES;
				CLANG_WARN_EMPTY_BODY = YES;
				CLANG_WARN_ENUM_CONVERSION = YES;
				CLANG_WARN_INFINITE_RECURSION = YES;
				CLANG_WARN_INT_CONVERSION = YES;
				CLANG_WARN_NON_LITERAL_NULL_CONVERSION = YES;
				CLANG_WARN_OBJC_IMPLICIT_RETAIN_SELF = YES;
				CLANG_WARN_OBJC_LITERAL_CONVERSION = YES;
				CLANG_WARN_OBJC_ROOT_CLASS = YES_ERROR;
				CLANG_WARN_QUOTED_INCLUDE_IN_FRAMEWORK_HEADER = YES;
				CLANG_WARN_RANGE_LOOP_ANALYSIS = YES;
				CLANG_WARN_STRICT_PROTOTYPES = YES;
				CLANG_WARN_SUSPICIOUS_MOVE = YES;
				CLANG_WARN_UNGUARDED_AVAILABILITY = YES_AGGRESSIVE;
				CLANG_WARN_UNREACHABLE_CODE = YES;
				CLANG_WARN__DUPLICATE_METHOD_MATCH = YES;
				COPY_PHASE_STRIP = NO;
				DEBUG_INFORMATION_FORMAT = "dwarf-with-dsym";
				ENABLE_NS_ASSERTIONS = NO;
				ENABLE_STRICT_OBJC_MSGSEND = YES;
				GCC_C_LANGUAGE_STANDARD = gnu11;
				GCC_NO_COMMON_BLOCKS = YES;
				GCC_WARN_64_TO_32_BIT_CONVERSION = YES;
				GCC_WARN_ABOUT_RETURN_TYPE = YES_ERROR;
				GCC_WARN_UNDECLARED_SELECTOR = YES;
				GCC_WARN_UNINITIALIZED_AUTOS = YES_AGGRESSIVE;
				GCC_WARN_UNUSED_FUNCTION = YES;
				GCC_WARN_UNUSED_VARIABLE = YES;
				MTL_ENABLE_DEBUG_INFO = NO;
				MTL_FAST_MATH = YES;
				PRODUCT_NAME = "$(TARGET_NAME)";
				SDKROOT = watchos;
				SWIFT_COMPILATION_MODE = wholemodule;
				SWIFT_OPTIMIZATION_LEVEL = "-O";
				SWIFT_VERSION = 5.0;
				WATCHOS_DEPLOYMENT_TARGET = 10.0;
			};
			name = Release;
		};
		DA928E57C27BA8D1533D20C2 /* Debug */ = {
			isa = XCBuildConfiguration;
			buildSettings = {
				CODE_SIGN_ENTITLEMENTS = PathOfNurWatchComplications/PathOfNurWatchComplications.entitlements;
				INFOPLIST_FILE = PathOfNurWatchComplications/Info.plist;
				INFOPLIST_KEY_CFBundleDisplayName = "Path of Nūr";
				LD_RUNPATH_SEARCH_PATHS = (
					"$(inherited)",
					"@executable_path/Frameworks",
					"@executable_path/../../Frameworks",
				);
				PRODUCT_BUNDLE_IDENTIFIER = com.pathofnur.watch.complications;
				PRODUCT_NAME = "Path of Nur Watch Complications";
				SDKROOT = watchos;
				SKIP_INSTALL = YES;
				TARGETED_DEVICE_FAMILY = 4;
				WATCHOS_DEPLOYMENT_TARGET = 10.0;
			};
			name = Debug;
		};
		EE6A56C862BD059E269BA2C6 /* Release */ = {
			isa = XCBuildConfiguration;
			buildSettings = {
				CODE_SIGN_ENTITLEMENTS = PathOfNurWatchComplications/PathOfNurWatchComplications.entitlements;
				INFOPLIST_FILE = PathOfNurWatchComplications/Info.plist;
				INFOPLIST_KEY_CFBundleDisplayName = "Path of Nūr";
				LD_RUNPATH_SEARCH_PATHS = (
					"$(inherited)",
					"@executable_path/Frameworks",
					"@executable_path/../../Frameworks",
				);
				PRODUCT_BUNDLE_IDENTIFIER = com.pathofnur.watch.complications;
				PRODUCT_NAME = "Path of Nur Watch Complications";
				SDKROOT = watchos;
				SKIP_INSTALL = YES;
				TARGETED_DEVICE_FAMILY = 4;
				WATCHOS_DEPLOYMENT_TARGET = 10.0;
			};
			name = Release;
		};
/* End XCBuildConfiguration section */

/* Begin XCConfigurationList section */
		424641701535C6C3784546A2 /* Build configuration list for PBXNativeTarget "PathOfNurWatch" */ = {
			isa = XCConfigurationList;
			buildConfigurations = (
				081505FA805772C9972E28F6 /* Debug */,
				A1AC9DA3C02F3B976D44CF74 /* Release */,
			);
			defaultConfigurationIsVisible = 0;
			defaultConfigurationName = Debug;
		};
		B0763377CEFAEF7A2C2B19ED /* Build configuration list for PBXProject "PathOfNurWatch" */ = {
			isa = XCConfigurationList;
			buildConfigurations = (
				337B575E52C1E68B64F4F8C5 /* Debug */,
				D2B14AAA5A0230FD27559CFE /* Release */,
			);
			defaultConfigurationIsVisible = 0;
			defaultConfigurationName = Debug;
		};
		DCC2F1AB154267611BFBDA7F /* Build configuration list for PBXNativeTarget "PathOfNurWatchComplications" */ = {
			isa = XCConfigurationList;
			buildConfigurations = (
				DA928E57C27BA8D1533D20C2 /* Debug */,
				EE6A56C862BD059E269BA2C6 /* Release */,
			);
			defaultConfigurationIsVisible = 0;
			defaultConfigurationName = Debug;
		};
/* End XCConfigurationList section */
	};
	rootObject = 4879927864E90FF20AEFEAC5 /* Project object */;
}
